
Microsoft Visual Studio Solution File, Format Version 12.00
# Visual Studio 15
Project("{FAE04EC0-301F-11D3-BF4B-00C04F79EFBC}") = "Assembly-CSharp", "Assembly-CSharp.csproj", "{A6DD219A-A527-AEFC-9E5E-E2F2E46A9A95}"
EndProject
Project("{FAE04EC0-301F-11D3-BF4B-00C04F79EFBC}") = "Assembly-CSharp-Editor", "Assembly-CSharp-Editor.csproj", "{5341046B-AEDE-5FA6-1E0E-EB07B0A0BC03}"
EndProject
Global
	GlobalSection(SolutionConfigurationPlatforms) = preSolution
		Debug|Any CPU = Debug|Any CPU
		Release|Any CPU = Release|Any CPU
	EndGlobalSection
	GlobalSection(ProjectConfigurationPlatforms) = postSolution
		{A6DD219A-A527-AEFC-9E5E-E2F2E46A9A95}.Debug|Any CPU.ActiveCfg = Debug|Any CPU
		{A6DD219A-A527-AEFC-9E5E-E2F2E46A9A95}.Debug|Any CPU.Build.0 = Debug|Any CPU
		{A6DD219A-A527-AEFC-9E5E-E2F2E46A9A95}.Release|Any CPU.ActiveCfg = Release|Any CPU
		{A6DD219A-A527-AEFC-9E5E-E2F2E46A9A95}.Release|Any CPU.Build.0 = Release|Any CPU
		{5341046B-AEDE-5FA6-1E0E-EB07B0A0BC03}.Debug|Any CPU.ActiveCfg = Debug|Any CPU
		{5341046B-AEDE-5FA6-1E0E-EB07B0A0BC03}.Debug|Any CPU.Build.0 = Debug|Any CPU
		{5341046B-AEDE-5FA6-1E0E-EB07B0A0BC03}.Release|Any CPU.ActiveCfg = Release|Any CPU
		{5341046B-AEDE-5FA6-1E0E-EB07B0A0BC03}.Release|Any CPU.Build.0 = Release|Any CPU
	EndGlobalSection
	GlobalSection(SolutionProperties) = preSolution
		HideSolutionNode = FALSE
	EndGlobalSection
EndGlobal
